// !$*UTF8*$!
{
	archiveVersion = 1;
	classes = {
	};
	objectVersion = 56;
	objects = {

/* Begin PBXBuildFile section */
		2CC412122A7026E0007D6B8F /* LocalizationFramework.docc in Sources */ = {isa = PBXBuildFile; fileRef = 2CC412112A7026E0007D6B8F /* LocalizationFramework.docc */; };
		2CC412182A7026E0007D6B8F /* LocalizationFramework.framework in Frameworks */ = {isa = PBXBuildFile; fileRef = 2CC4120D2A7026E0007D6B8F /* LocalizationFramework.framework */; };
		2CC4121D2A7026E0007D6B8F /* LocalizationFrameworkTests.swift in Sources */ = {isa = PBXBuildFile; fileRef = 2CC4121C2A7026E0007D6B8F /* LocalizationFrameworkTests.swift */; };
		2CC4121E2A7026E0007D6B8F /* LocalizationFramework.h in Headers */ = {isa = PBXBuildFile; fileRef = 2CC412102A7026E0007D6B8F /* LocalizationFramework.h */; settings = {ATTRIBUTES = (Public, ); }; };
		2CC412292A702797007D6B8F /* Localizable.strings in Resources */ = {isa = PBXBuildFile; fileRef = 2CC4122B2A702797007D6B8F /* Localizable.strings */; };
		2CC4122E2A7028A0007D6B8F /* Localization.swift in Sources */ = {isa = PBXBuildFile; fileRef = 2CC4122D2A7028A0007D6B8F /* Localization.swift */; };
		2CC412302A7028F7007D6B8F /* LocalizationFramework+Bundle.swift in Sources */ = {isa = PBXBuildFile; fileRef = 2CC4122F2A7028F7007D6B8F /* LocalizationFramework+Bundle.swift */; };
/* End PBXBuildFile section */

/* Begin PBXContainerItemProxy section */
		2CC412192A7026E0007D6B8F /* PBXContainerItemProxy */ = {
			isa = PBXContainerItemProxy;
			containerPortal = 2CC412042A7026E0007D6B8F /* Project object */;
			proxyType = 1;
			remoteGlobalIDString = 2CC4120C2A7026E0007D6B8F;
			remoteInfo = LocalizationFramework;
		};
/* End PBXContainerItemProxy section */

/* Begin PBXFileReference section */
		2CC4120D2A7026E0007D6B8F /* LocalizationFramework.framework */ = {isa = PBXFileReference; explicitFileType = wrapper.framework; includeInIndex = 0; path = LocalizationFramework.framework; sourceTree = BUILT_PRODUCTS_DIR; };
		2CC412102A7026E0007D6B8F /* LocalizationFramework.h */ = {isa = PBXFileReference; lastKnownFileType = sourcecode.c.h; path = LocalizationFramework.h; sourceTree = "<group>"; };
		2CC412112A7026E0007D6B8F /* LocalizationFramework.docc */ = {isa = PBXFileReference; lastKnownFileType = folder.documentationcatalog; path = LocalizationFramework.docc; sourceTree = "<group>"; };
		2CC412172A7026E0007D6B8F /* LocalizationFrameworkTests.xctest */ = {isa = PBXFileReference; explicitFileType = wrapper.cfbundle; includeInIndex = 0; path = LocalizationFrameworkTests.xctest; sourceTree = BUILT_PRODUCTS_DIR; };
		2CC4121C2A7026E0007D6B8F /* LocalizationFrameworkTests.swift */ = {isa = PBXFileReference; lastKnownFileType = sourcecode.swift; path = LocalizationFrameworkTests.swift; sourceTree = "<group>"; };
		2CC4122A2A702797007D6B8F /* en */ = {isa = PBXFileReference; lastKnownFileType = text.plist.strings; name = en; path = en.lproj/Localizable.strings; sourceTree = "<group>"; };
		2CC4122C2A702799007D6B8F /* fr */ = {isa = PBXFileReference; lastKnownFileType = text.plist.strings; name = fr; path = fr.lproj/Localizable.strings; sourceTree = "<group>"; };
		2CC4122D2A7028A0007D6B8F /* Localization.swift */ = {isa = PBXFileReference; lastKnownFileType = sourcecode.swift; path = Localization.swift; sourceTree = "<group>"; };
		2CC4122F2A7028F7007D6B8F /* LocalizationFramework+Bundle.swift */ = {isa = PBXFileReference; lastKnownFileType = sourcecode.swift; path = "LocalizationFramework+Bundle.swift"; sourceTree = "<group>"; };
/* End PBXFileReference section */

/* Begin PBXFrameworksBuildPhase section */
		2CC4120A2A7026E0007D6B8F /* Frameworks */ = {
			isa = PBXFrameworksBuildPhase;
			buildActionMask = 2147483647;
			files = (
			);
			runOnlyForDeploymentPostprocessing = 0;
		};
		2CC412142A7026E0007D6B8F /* Frameworks */ = {
			isa = PBXFrameworksBuildPhase;
			buildActionMask = 2147483647;
			files = (
				2CC412182A7026E0007D6B8F /* LocalizationFramework.framework in Frameworks */,
			);
			runOnlyForDeploymentPostprocessing = 0;
		};
/* End PBXFrameworksBuildPhase section */

/* Begin PBXGroup section */
		2CC412032A7026E0007D6B8F = {
			isa = PBXGroup;
			children = (
				2CC4120F2A7026E0007D6B8F /* LocalizationFramework */,
				2CC4121B2A7026E0007D6B8F /* LocalizationFrameworkTests */,
				2CC4120E2A7026E0007D6B8F /* Products */,
			);
			sourceTree = "<group>";
		};
		2CC4120E2A7026E0007D6B8F /* Products */ = {
			isa = PBXGroup;
			children = (
				2CC4120D2A7026E0007D6B8F /* LocalizationFramework.framework */,
				2CC412172A7026E0007D6B8F /* LocalizationFrameworkTests.xctest */,
			);
			name = Products;
			sourceTree = "<group>";
		};
		2CC4120F2A7026E0007D6B8F /* LocalizationFramework */ = {
			isa = PBXGroup;
			children = (
				2CD7B0632A70405A0012AF9A /* fr,lproj */,
				2CC412102A7026E0007D6B8F /* LocalizationFramework.h */,
				2CC412112A7026E0007D6B8F /* LocalizationFramework.docc */,
				2CC4122B2A702797007D6B8F /* Localizable.strings */,
				2CC4122D2A7028A0007D6B8F /* Localization.swift */,
				2CC4122F2A7028F7007D6B8F /* LocalizationFramework+Bundle.swift */,
			);
			path = LocalizationFramework;
			sourceTree = "<group>";
		};
		2CC4121B2A7026E0007D6B8F /* LocalizationFrameworkTests */ = {
			isa = PBXGroup;
			children = (
				2CC4121C2A7026E0007D6B8F /* LocalizationFrameworkTests.swift */,
			);
			path = LocalizationFrameworkTests;
			sourceTree = "<group>";
		};
		2CD7B0632A70405A0012AF9A /* fr,lproj */ = {
			isa = PBXGroup;
			children = (
			);
			path = "fr,lproj";
			sourceTree = "<group>";
		};
/* End PBXGroup section */

/* Begin PBXHeadersBuildPhase section */
		2CC412082A7026E0007D6B8F /* Headers */ = {
			isa = PBXHeadersBuildPhase;
			buildActionMask = 2147483647;
			files = (
				2CC4121E2A7026E0007D6B8F /* LocalizationFramework.h in Headers */,
			);
			runOnlyForDeploymentPostprocessing = 0;
		};
/* End PBXHeadersBuildPhase section */

/* Begin PBXNativeTarget section */
		2CC4120C2A7026E0007D6B8F /* LocalizationFramework */ = {
			isa = PBXNativeTarget;
			buildConfigurationList = 2CC412212A7026E0007D6B8F /* Build configuration list for PBXNativeTarget "LocalizationFramework" */;
			buildPhases = (
				2CC412082A7026E0007D6B8F /* Headers */,
				2CC412092A7026E0007D6B8F /* Sources */,
				2CC4120A2A7026E0007D6B8F /* Frameworks */,
				2CC4120B2A7026E0007D6B8F /* Resources */,
			);
			buildRules = (
			);
			dependencies = (
			);
			name = LocalizationFramework;
			productName = LocalizationFramework;
			productReference = 2CC4120D2A7026E0007D6B8F /* LocalizationFramework.framework */;
			productType = "com.apple.product-type.framework";
		};
		2CC412162A7026E0007D6B8F /* LocalizationFrameworkTests */ = {
			isa = PBXNativeTarget;
			buildConfigurationList = 2CC412242A7026E0007D6B8F /* Build configuration list for PBXNativeTarget "LocalizationFrameworkTests" */;
			buildPhases = (
				2CC412132A7026E0007D6B8F /* Sources */,
				2CC412142A7026E0007D6B8F /* Frameworks */,
				2CC412152A7026E0007D6B8F /* Resources */,
			);
			buildRules = (
			);
			dependencies = (
				2CC4121A2A7026E0007D6B8F /* PBXTargetDependency */,
			);
			name = LocalizationFrameworkTests;
			productName = LocalizationFrameworkTests;
			productReference = 2CC412172A7026E0007D6B8F /* LocalizationFrameworkTests.xctest */;
			productType = "com.apple.product-type.bundle.unit-test";
		};
/* End PBXNativeTarget section */

/* Begin PBXProject section */
		2CC412042A7026E0007D6B8F /* Project object */ = {
			isa = PBXProject;
			attributes = {
				BuildIndependentTargetsInParallel = 1;
				LastSwiftUpdateCheck = 1430;
				LastUpgradeCheck = 1430;
				TargetAttributes = {
					2CC4120C2A7026E0007D6B8F = {
						CreatedOnToolsVersion = 14.3.1;
					};
					2CC412162A7026E0007D6B8F = {
						CreatedOnToolsVersion = 14.3.1;
					};
				};
			};
			buildConfigurationList = 2CC412072A7026E0007D6B8F /* Build configuration list for PBXProject "LocalizationFramework" */;
			compatibilityVersion = "Xcode 14.0";
			developmentRegion = en;
			hasScannedForEncodings = 0;
			knownRegions = (
				en,
				Base,
				fr,
			);
			mainGroup = 2CC412032A7026E0007D6B8F;
			productRefGroup = 2CC4120E2A7026E0007D6B8F /* Products */;
			projectDirPath = "";
			projectRoot = "";
			targets = (
				2CC4120C2A7026E0007D6B8F /* LocalizationFramework */,
				2CC412162A7026E0007D6B8F /* LocalizationFrameworkTests */,
			);
		};
/* End PBXProject section */

/* Begin PBXResourcesBuildPhase section */
		2CC4120B2A7026E0007D6B8F /* Resources */ = {
			isa = PBXResourcesBuildPhase;
			buildActionMask = 2147483647;
			files = (
				2CC412292A702797007D6B8F /* Localizable.strings in Resources */,
			);
			runOnlyForDeploymentPostprocessing = 0;
		};
		2CC412152A7026E0007D6B8F /* Resources */ = {
			isa = PBXResourcesBuildPhase;
			buildActionMask = 2147483647;
			files = (
			);
			runOnlyForDeploymentPostprocessing = 0;
		};
/* End PBXResourcesBuildPhase section */

/* Begin PBXSourcesBuildPhase section */
		2CC412092A7026E0007D6B8F /* Sources */ = {
			isa = PBXSourcesBuildPhase;
			buildActionMask = 2147483647;
			files = (
				2CC4122E2A7028A0007D6B8F /* Localization.swift in Sources */,
				2CC412302A7028F7007D6B8F /* LocalizationFramework+Bundle.swift in Sources */,
				2CC412122A7026E0007D6B8F /* LocalizationFramework.docc in Sources */,
			);
			runOnlyForDeploymentPostprocessing = 0;
		};
		2CC412132A7026E0007D6B8F /* Sources */ = {
			isa = PBXSourcesBuildPhase;
			buildActionMask = 2147483647;
			files = (
				2CC4121D2A7026E0007D6B8F /* LocalizationFrameworkTests.swift in Sources */,
			);
			runOnlyForDeploymentPostprocessing = 0;
		};
/* End PBXSourcesBuildPhase section */

/* Begin PBXTargetDependency section */
		2CC4121A2A7026E0007D6B8F /* PBXTargetDependency */ = {
			isa = PBXTargetDependency;
			target = 2CC4120C2A7026E0007D6B8F /* LocalizationFramework */;
			targetProxy = 2CC412192A7026E0007D6B8F /* PBXContainerItemProxy */;
		};
/* End PBXTargetDependency section */

/* Begin PBXVariantGroup section */
		2CC4122B2A702797007D6B8F /* Localizable.strings */ = {
			isa = PBXVariantGroup;
			children = (
				2CC4122A2A702797007D6B8F /* en */,
				2CC4122C2A702799007D6B8F /* fr */,
			);
			name = Localizable.strings;
			sourceTree = "<group>";
		};
/* End PBXVariantGroup section */

/* Begin XCBuildConfiguration section */
		2CC4121F2A7026E0007D6B8F /* Debug */ = {
			isa = XCBuildConfiguration;
			buildSettings = {
				ALWAYS_SEARCH_USER_PATHS = NO;
				CLANG_ANALYZER_NONNULL = YES;
				CLANG_ANALYZER_NUMBER_OBJECT_CONVERSION = YES_AGGRESSIVE;
				CLANG_CXX_LANGUAGE_STANDARD = "gnu++20";
				CLANG_ENABLE_MODULES = YES;
				CLANG_ENABLE_OBJC_ARC = YES;
				CLANG_ENABLE_OBJC_WEAK = YES;
				CLANG_WARN_BLOCK_CAPTURE_AUTORELEASING = YES;
				CLANG_WARN_BOOL_CONVERSION = YES;
				CLANG_WARN_COMMA = YES;
				CLANG_WARN_CONSTANT_CONVERSION = YES;
				CLANG_WARN_DEPRECATED_OBJC_IMPLEMENTATIONS = YES;
				CLANG_WARN_DIRECT_OBJC_ISA_USAGE = YES_ERROR;
				CLANG_WARN_DOCUMENTATION_COMMENTS = YES;
				CLANG_WARN_EMPTY_BODY = YES;
				CLANG_WARN_ENUM_CONVERSION = YES;
				CLANG_WARN_INFINITE_RECURSION = YES;
				CLANG_WARN_INT_CONVERSION = YES;
				CLANG_WARN_NON_LITERAL_NULL_CONVERSION = YES;
				CLANG_WARN_OBJC_IMPLICIT_RETAIN_SELF = YES;
				CLANG_WARN_OBJC_LITERAL_CONVERSION = YES;
				CLANG_WARN_OBJC_ROOT_CLASS = YES_ERROR;
				CLANG_WARN_QUOTED_INCLUDE_IN_FRAMEWORK_HEADER = YES;
				CLANG_WARN_RANGE_LOOP_ANALYSIS = YES;
				CLANG_WARN_STRICT_PROTOTYPES = YES;
				CLANG_WARN_SUSPICIOUS_MOVE = YES;
				CLANG_WARN_UNGUARDED_AVAILABILITY = YES_AGGRESSIVE;
				CLANG_WARN_UNREACHABLE_CODE = YES;
				CLANG_WARN__DUPLICATE_METHOD_MATCH = YES;
				COPY_PHASE_STRIP = NO;
				CURRENT_PROJECT_VERSION = 1;
				DEBUG_INFORMATION_FORMAT = dwarf;
				ENABLE_STRICT_OBJC_MSGSEND = YES;
				ENABLE_TESTABILITY = YES;
				GCC_C_LANGUAGE_STANDARD = gnu11;
				GCC_DYNAMIC_NO_PIC = NO;
				GCC_NO_COMMON_BLOCKS = YES;
				GCC_OPTIMIZATION_LEVEL = 0;
				GCC_PREPROCESSOR_DEFINITIONS = (
					"DEBUG=1",
					"$(inherited)",
				);
				GCC_WARN_64_TO_32_BIT_CONVERSION = YES;
				GCC_WARN_ABOUT_RETURN_TYPE = YES_ERROR;
				GCC_WARN_UNDECLARED_SELECTOR = YES;
				GCC_WARN_UNINITIALIZED_AUTOS = YES_AGGRESSIVE;
				GCC_WARN_UNUSED_FUNCTION = YES;
				GCC_WARN_UNUSED_VARIABLE = YES;
				MACOSX_DEPLOYMENT_TARGET = 13.3;
				MTL_ENABLE_DEBUG_INFO = INCLUDE_SOURCE;
				MTL_FAST_MATH = YES;
				ONLY_ACTIVE_ARCH = YES;
				SDKROOT = macosx;
				SWIFT_ACTIVE_COMPILATION_CONDITIONS = DEBUG;
				SWIFT_OPTIMIZATION_LEVEL = "-Onone";
				VERSIONING_SYSTEM = "apple-generic";
				VERSION_INFO_PREFIX = "";
			};
			name = Debug;
		};
		2CC412202A7026E0007D6B8F /* Release */ = {
			isa = XCBuildConfiguration;
			buildSettings = {
				ALWAYS_SEARCH_USER_PATHS = NO;
				CLANG_ANALYZER_NONNULL = YES;
				CLANG_ANALYZER_NUMBER_OBJECT_CONVERSION = YES_AGGRESSIVE;
				CLANG_CXX_LANGUAGE_STANDARD = "gnu++20";
				CLANG_ENABLE_MODULES = YES;
				CLANG_ENABLE_OBJC_ARC = YES;
				CLANG_ENABLE_OBJC_WEAK = YES;
				CLANG_WARN_BLOCK_CAPTURE_AUTORELEASING = YES;
				CLANG_WARN_BOOL_CONVERSION = YES;
				CLANG_WARN_COMMA = YES;
				CLANG_WARN_CONSTANT_CONVERSION = YES;
				CLANG_WARN_DEPRECATED_OBJC_IMPLEMENTATIONS = YES;
				CLANG_WARN_DIRECT_OBJC_ISA_USAGE = YES_ERROR;
				CLANG_WARN_DOCUMENTATION_COMMENTS = YES;
				CLANG_WARN_EMPTY_BODY = YES;
				CLANG_WARN_ENUM_CONVERSION = YES;
				CLANG_WARN_INFINITE_RECURSION = YES;
				CLANG_WARN_INT_CONVERSION = YES;
				CLANG_WARN_NON_LITERAL_NULL_CONVERSION = YES;
				CLANG_WARN_OBJC_IMPLICIT_RETAIN_SELF = YES;
				CLANG_WARN_OBJC_LITERAL_CONVERSION = YES;
				CLANG_WARN_OBJC_ROOT_CLASS = YES_ERROR;
				CLANG_WARN_QUOTED_INCLUDE_IN_FRAMEWORK_HEADER = YES;
				CLANG_WARN_RANGE_LOOP_ANALYSIS = YES;
				CLANG_WARN_STRICT_PROTOTYPES = YES;
				CLANG_WARN_SUSPICIOUS_MOVE = YES;
				CLANG_WARN_UNGUARDED_AVAILABILITY = YES_AGGRESSIVE;
				CLANG_WARN_UNREACHABLE_CODE = YES;
				CLANG_WARN__DUPLICATE_METHOD_MATCH = YES;
				COPY_PHASE_STRIP = NO;
				CURRENT_PROJECT_VERSION = 1;
				DEBUG_INFORMATION_FORMAT = "dwarf-with-dsym";
				ENABLE_NS_ASSERTIONS = NO;
				ENABLE_STRICT_OBJC_MSGSEND = YES;
				GCC_C_LANGUAGE_STANDARD = gnu11;
				GCC_NO_COMMON_BLOCKS = YES;
				GCC_WARN_64_TO_32_BIT_CONVERSION = YES;
				GCC_WARN_ABOUT_RETURN_TYPE = YES_ERROR;
				GCC_WARN_UNDECLARED_SELECTOR = YES;
				GCC_WARN_UNINITIALIZED_AUTOS = YES_AGGRESSIVE;
				GCC_WARN_UNUSED_FUNCTION = YES;
				GCC_WARN_UNUSED_VARIABLE = YES;
				MACOSX_DEPLOYMENT_TARGET = 13.3;
				MTL_ENABLE_DEBUG_INFO = NO;
				MTL_FAST_MATH = YES;
				SDKROOT = macosx;
				SWIFT_COMPILATION_MODE = wholemodule;
				SWIFT_OPTIMIZATION_LEVEL = "-O";
				VERSIONING_SYSTEM = "apple-generic";
				VERSION_INFO_PREFIX = "";
			};
			name = Release;
		};
		2CC412222A7026E0007D6B8F /* Debug */ = {
			isa = XCBuildConfiguration;
			buildSettings = {
				CODE_SIGN_STYLE = Automatic;
				COMBINE_HIDPI_IMAGES = YES;
				CURRENT_PROJECT_VERSION = 1;
				DEFINES_MODULE = YES;
				DYLIB_COMPATIBILITY_VERSION = 1;
				DYLIB_CURRENT_VERSION = 1;
				DYLIB_INSTALL_NAME_BASE = "@rpath";
				ENABLE_MODULE_VERIFIER = YES;
				GENERATE_INFOPLIST_FILE = YES;
				INFOPLIST_KEY_NSHumanReadableCopyright = "";
				INSTALL_PATH = "$(LOCAL_LIBRARY_DIR)/Frameworks";
				LD_RUNPATH_SEARCH_PATHS = (
					"$(inherited)",
					"@executable_path/../Frameworks",
					"@loader_path/Frameworks",
				);
				MARKETING_VERSION = 1.0;
				MODULE_VERIFIER_SUPPORTED_LANGUAGES = "objective-c objective-c++";
				MODULE_VERIFIER_SUPPORTED_LANGUAGE_STANDARDS = "gnu11 gnu++20";
				PRODUCT_BUNDLE_IDENTIFIER = com.localizationframework.LocalizationFramework;
				PRODUCT_NAME = "$(TARGET_NAME:c99extidentifier)";
				SKIP_INSTALL = YES;
				SWIFT_EMIT_LOC_STRINGS = YES;
				SWIFT_VERSION = 5.0;
			};
			name = Debug;
		};
		2CC412232A7026E0007D6B8F /* Release */ = {
			isa = XCBuildConfiguration;
			buildSettings = {
				CODE_SIGN_STYLE = Automatic;
				COMBINE_HIDPI_IMAGES = YES;
				CURRENT_PROJECT_VERSION = 1;
				DEFINES_MODULE = YES;
				DYLIB_COMPATIBILITY_VERSION = 1;
				DYLIB_CURRENT_VERSION = 1;
				DYLIB_INSTALL_NAME_BASE = "@rpath";
				ENABLE_MODULE_VERIFIER = YES;
				GENERATE_INFOPLIST_FILE = YES;
				INFOPLIST_KEY_NSHumanReadableCopyright = "";
				INSTALL_PATH = "$(LOCAL_LIBRARY_DIR)/Frameworks";
				LD_RUNPATH_SEARCH_PATHS = (
					"$(inherited)",
					"@executable_path/../Frameworks",
					"@loader_path/Frameworks",
				);
				MARKETING_VERSION = 1.0;
				MODULE_VERIFIER_SUPPORTED_LANGUAGES = "objective-c objective-c++";
				MODULE_VERIFIER_SUPPORTED_LANGUAGE_STANDARDS = "gnu11 gnu++20";
				PRODUCT_BUNDLE_IDENTIFIER = com.localizationframework.LocalizationFramework;
				PRODUCT_NAME = "$(TARGET_NAME:c99extidentifier)";
				SKIP_INSTALL = YES;
				SWIFT_EMIT_LOC_STRINGS = YES;
				SWIFT_VERSION = 5.0;
			};
			name = Release;
		};
		2CC412252A7026E0007D6B8F /* Debug */ = {
			isa = XCBuildConfiguration;
			buildSettings = {
				ALWAYS_EMBED_SWIFT_STANDARD_LIBRARIES = YES;
				CODE_SIGN_STYLE = Automatic;
				CURRENT_PROJECT_VERSION = 1;
				GENERATE_INFOPLIST_FILE = YES;
				MARKETING_VERSION = 1.0;
				PRODUCT_BUNDLE_IDENTIFIER = com.localizationframework.LocalizationFrameworkTests;
				PRODUCT_NAME = "$(TARGET_NAME)";
				SWIFT_EMIT_LOC_STRINGS = NO;
				SWIFT_VERSION = 5.0;
			};
			name = Debug;
		};
		2CC412262A7026E0007D6B8F /* Release */ = {
			isa = XCBuildConfiguration;
			buildSettings = {
				ALWAYS_EMBED_SWIFT_STANDARD_LIBRARIES = YES;
				CODE_SIGN_STYLE = Automatic;
				CURRENT_PROJECT_VERSION = 1;
				GENERATE_INFOPLIST_FILE = YES;
				MARKETING_VERSION = 1.0;
				PRODUCT_BUNDLE_IDENTIFIER = com.localizationframework.LocalizationFrameworkTests;
				PRODUCT_NAME = "$(TARGET_NAME)";
				SWIFT_EMIT_LOC_STRINGS = NO;
				SWIFT_VERSION = 5.0;
			};
			name = Release;
		};
/* End XCBuildConfiguration section */

/* Begin XCConfigurationList section */
		2CC412072A7026E0007D6B8F /* Build configuration list for PBXProject "LocalizationFramework" */ = {
			isa = XCConfigurationList;
			buildConfigurations = (
				2CC4121F2A7026E0007D6B8F /* Debug */,
				2CC412202A7026E0007D6B8F /* Release */,
			);
			defaultConfigurationIsVisible = 0;
			defaultConfigurationName = Release;
		};
		2CC412212A7026E0007D6B8F /* Build configuration list for PBXNativeTarget "LocalizationFramework" */ = {
			isa = XCConfigurationList;
			buildConfigurations = (
				2CC412222A7026E0007D6B8F /* Debug */,
				2CC412232A7026E0007D6B8F /* Release */,
			);
			defaultConfigurationIsVisible = 0;
			defaultConfigurationName = Release;
		};
		2CC412242A7026E0007D6B8F /* Build configuration list for PBXNativeTarget "LocalizationFrameworkTests" */ = {
			isa = XCConfigurationList;
			buildConfigurations = (
				2CC412252A7026E0007D6B8F /* Debug */,
				2CC412262A7026E0007D6B8F /* Release */,
			);
			defaultConfigurationIsVisible = 0;
			defaultConfigurationName = Release;
		};
/* End XCConfigurationList section */
	};
	rootObject = 2CC412042A7026E0007D6B8F /* Project object */;
}
